
Microsoft Visual Studio Solution File, Format Version 12.00
# Visual Studio for Mac
Project("{FAE04EC0-301F-11D3-BF4B-00C04F79EFBC}") = "Assembly-CSharp", "Assembly-CSharp.csproj", "{C2F5BD75-394E-17D7-68BA-CF5504CC8223}"
EndProject
Project("{FAE04EC0-301F-11D3-BF4B-00C04F79EFBC}") = "Assembly-CSharp-firstpass", "Assembly-CSharp-firstpass.csproj", "{FF41EC4C-A77E-1ED1-DC10-DDF6789C37D5}"
EndProject
Project("{FAE04EC0-301F-11D3-BF4B-00C04F79EFBC}") = "Assembly-CSharp-Editor-firstpass", "Assembly-CSharp-Editor-firstpass.csproj", "{2D2931FC-4D4F-6FEB-A1E4-A64D74342F50}"
EndProject
Global
	GlobalSection(SolutionConfigurationPlatforms) = preSolution
		Debug|Any CPU = Debug|Any CPU
		Release|Any CPU = Release|Any CPU
	EndGlobalSection
	GlobalSection(ProjectConfigurationPlatforms) = postSolution
		{C2F5BD75-394E-17D7-68BA-CF5504CC8223}.Debug|Any CPU.ActiveCfg = Debug|Any CPU
		{C2F5BD75-394E-17D7-68BA-CF5504CC8223}.Debug|Any CPU.Build.0 = Debug|Any CPU
		{C2F5BD75-394E-17D7-68BA-CF5504CC8223}.Release|Any CPU.ActiveCfg = Release|Any CPU
		{C2F5BD75-394E-17D7-68BA-CF5504CC8223}.Release|Any CPU.Build.0 = Release|Any CPU
		{FF41EC4C-A77E-1ED1-DC10-DDF6789C37D5}.Debug|Any CPU.ActiveCfg = Debug|Any CPU
		{FF41EC4C-A77E-1ED1-DC10-DDF6789C37D5}.Debug|Any CPU.Build.0 = Debug|Any CPU
		{FF41EC4C-A77E-1ED1-DC10-DDF6789C37D5}.Release|Any CPU.ActiveCfg = Release|Any CPU
		{FF41EC4C-A77E-1ED1-DC10-DDF6789C37D5}.Release|Any CPU.Build.0 = Release|Any CPU
		{2D2931FC-4D4F-6FEB-A1E4-A64D74342F50}.Debug|Any CPU.ActiveCfg = Debug|Any CPU
		{2D2931FC-4D4F-6FEB-A1E4-A64D74342F50}.Debug|Any CPU.Build.0 = Debug|Any CPU
		{2D2931FC-4D4F-6FEB-A1E4-A64D74342F50}.Release|Any CPU.ActiveCfg = Release|Any CPU
		{2D2931FC-4D4F-6FEB-A1E4-A64D74342F50}.Release|Any CPU.Build.0 = Release|Any CPU
	EndGlobalSection
	GlobalSection(SolutionProperties) = preSolution
		HideSolutionNode = FALSE
	EndGlobalSection
EndGlobal
